
Microsoft Visual Studio Solution File, Format Version 12.00
# Visual Studio Version 17
VisualStudioVersion = 17.3.32825.248
MinimumVisualStudioVersion = 10.0.40219.1
Project("{FAE04EC0-301F-11D3-BF4B-00C04F79EFBC}") = "DirectExchangeDemo", "RabbitMqDemos\DirectExchangeDemo.csproj", "{1A8C8609-680D-4F27-9BE0-7464A3582747}"
EndProject
Global
	GlobalSection(SolutionConfigurationPlatforms) = preSolution
		Debug|Any CPU = Debug|Any CPU
		Release|Any CPU = Release|Any CPU
	EndGlobalSection
	GlobalSection(ProjectConfigurationPlatforms) = postSolution
		{1A8C8609-680D-4F27-9BE0-7464A3582747}.Debug|Any CPU.ActiveCfg = Debug|Any CPU
		{1A8C8609-680D-4F27-9BE0-7464A3582747}.Debug|Any CPU.Build.0 = Debug|Any CPU
		{1A8C8609-680D-4F27-9BE0-7464A3582747}.Release|Any CPU.ActiveCfg = Release|Any CPU
		{1A8C8609-680D-4F27-9BE0-7464A3582747}.Release|Any CPU.Build.0 = Release|Any CPU
	EndGlobalSection
	GlobalSection(SolutionProperties) = preSolution
		HideSolutionNode = FALSE
	EndGlobalSection
	GlobalSection(ExtensibilityGlobals) = postSolution
		SolutionGuid = {CD13F2AB-3176-4D5A-8361-8AFAC36F4E2D}
	EndGlobalSection
EndGlobal
