
Microsoft Visual Studio Solution File, Format Version 12.00
# Visual Studio Version 17
VisualStudioVersion = 17.3.32825.248
MinimumVisualStudioVersion = 10.0.40219.1
Project("{9A19103F-16F7-4668-BE54-9A1E7A4F7556}") = "DirectExchangeDemo", "DirectExchangeDemo\DirectExchangeDemo.csproj", "{B32048BE-5785-4D26-9056-9864A8602F65}"
EndProject
Project("{9A19103F-16F7-4668-BE54-9A1E7A4F7556}") = "HeadersExchangeDemo", "HeadersExchangeDemo\HeadersExchangeDemo.csproj", "{AD3E6516-CBA0-496E-87C5-6E20356E5C4A}"
EndProject
Global
	GlobalSection(SolutionConfigurationPlatforms) = preSolution
		Debug|Any CPU = Debug|Any CPU
		Release|Any CPU = Release|Any CPU
	EndGlobalSection
	GlobalSection(ProjectConfigurationPlatforms) = postSolution
		{B32048BE-5785-4D26-9056-9864A8602F65}.Debug|Any CPU.ActiveCfg = Debug|Any CPU
		{B32048BE-5785-4D26-9056-9864A8602F65}.Debug|Any CPU.Build.0 = Debug|Any CPU
		{B32048BE-5785-4D26-9056-9864A8602F65}.Release|Any CPU.ActiveCfg = Release|Any CPU
		{B32048BE-5785-4D26-9056-9864A8602F65}.Release|Any CPU.Build.0 = Release|Any CPU
		{AD3E6516-CBA0-496E-87C5-6E20356E5C4A}.Debug|Any CPU.ActiveCfg = Debug|Any CPU
		{AD3E6516-CBA0-496E-87C5-6E20356E5C4A}.Debug|Any CPU.Build.0 = Debug|Any CPU
		{AD3E6516-CBA0-496E-87C5-6E20356E5C4A}.Release|Any CPU.ActiveCfg = Release|Any CPU
		{AD3E6516-CBA0-496E-87C5-6E20356E5C4A}.Release|Any CPU.Build.0 = Release|Any CPU
	EndGlobalSection
	GlobalSection(SolutionProperties) = preSolution
		HideSolutionNode = FALSE
	EndGlobalSection
	GlobalSection(ExtensibilityGlobals) = postSolution
		SolutionGuid = {CD13F2AB-3176-4D5A-8361-8AFAC36F4E2D}
	EndGlobalSection
EndGlobal
